# This file is automatically @generated by Cargo.
# It is not intended for manual editing.
version = 4

[[package]]
name = "tickglide-core"
version = "0.3.0"

[[package]]
name = "tickglide-strategy"
version = "0.0.1"
dependencies = [
 "tickglide-core",
 "tickglide-ta",
]

[[package]]
name = "tickglide-strategy-example"
version = "0.1.0"
dependencies = [
 "tickglide-strategy",
]

[[package]]
name = "tickglide-ta"
version = "0.21.1"
dependencies = [
 "tickglide-core",
]
