# This file is automatically @generated by Cargo.
# It is not intended for manual editing.
version = 4

[[package]]
name = "quantedge-core"
version = "0.3.0"

[[package]]
name = "quantedge-strategy"
version = "0.0.1"
dependencies = [
 "quantedge-core",
 "quantedge-ta",
]

[[package]]
name = "quantedge-strategy-example"
version = "0.1.0"
dependencies = [
 "quantedge-strategy",
]

[[package]]
name = "quantedge-ta"
version = "0.21.0"
dependencies = [
 "quantedge-core",
]
